
Microsoft Visual Studio Solution File, Format Version 12.00
# Visual Studio Version 17
VisualStudioVersion = 17.4.33213.308
MinimumVisualStudioVersion = 10.0.40219.1
Project("{FAE04EC0-301F-11D3-BF4B-00C04F79EFBC}") = "BT Basic App GitHub", "BT Basic App GitHub\BT Basic App GitHub.csproj", "{C9898E29-9329-4946-91AC-FDF22939FACB}"
EndProject
Project("{FAE04EC0-301F-11D3-BF4B-00C04F79EFBC}") = "BasicAppTest", "BasicAppTest\BasicAppTest.csproj", "{2D1BFF48-FE57-4769-BBDD-11CEB6AA3F22}"
EndProject
Global
	GlobalSection(SolutionConfigurationPlatforms) = preSolution
		Debug|Any CPU = Debug|Any CPU
		Release|Any CPU = Release|Any CPU
	EndGlobalSection
	GlobalSection(ProjectConfigurationPlatforms) = postSolution
		{C9898E29-9329-4946-91AC-FDF22939FACB}.Debug|Any CPU.ActiveCfg = Debug|Any CPU
		{C9898E29-9329-4946-91AC-FDF22939FACB}.Debug|Any CPU.Build.0 = Debug|Any CPU
		{C9898E29-9329-4946-91AC-FDF22939FACB}.Release|Any CPU.ActiveCfg = Release|Any CPU
		{C9898E29-9329-4946-91AC-FDF22939FACB}.Release|Any CPU.Build.0 = Release|Any CPU
		{2D1BFF48-FE57-4769-BBDD-11CEB6AA3F22}.Debug|Any CPU.ActiveCfg = Debug|Any CPU
		{2D1BFF48-FE57-4769-BBDD-11CEB6AA3F22}.Debug|Any CPU.Build.0 = Debug|Any CPU
		{2D1BFF48-FE57-4769-BBDD-11CEB6AA3F22}.Release|Any CPU.ActiveCfg = Release|Any CPU
		{2D1BFF48-FE57-4769-BBDD-11CEB6AA3F22}.Release|Any CPU.Build.0 = Release|Any CPU
	EndGlobalSection
	GlobalSection(SolutionProperties) = preSolution
		HideSolutionNode = FALSE
	EndGlobalSection
	GlobalSection(ExtensibilityGlobals) = postSolution
		SolutionGuid = {F8409DC7-3CF8-4F34-8F1D-34F6F012F852}
	EndGlobalSection
EndGlobal
